
Microsoft Visual Studio Solution File, Format Version 12.00
# Visual Studio Version 17
VisualStudioVersion = 17.11.35219.272
MinimumVisualStudioVersion = 10.0.40219.1
Project("{FAE04EC0-301F-11D3-BF4B-00C04F79EFBC}") = "Bitrix24API", "Bitrix24API\Bitrix24API.csproj", "{5778BD0D-685E-4257-BE78-78ABF36CA9FC}"
EndProject
Global
	GlobalSection(SolutionConfigurationPlatforms) = preSolution
		Debug|Any CPU = Debug|Any CPU
		Release|Any CPU = Release|Any CPU
	EndGlobalSection
	GlobalSection(ProjectConfigurationPlatforms) = postSolution
		{5778BD0D-685E-4257-BE78-78ABF36CA9FC}.Debug|Any CPU.ActiveCfg = Debug|Any CPU
		{5778BD0D-685E-4257-BE78-78ABF36CA9FC}.Debug|Any CPU.Build.0 = Debug|Any CPU
		{5778BD0D-685E-4257-BE78-78ABF36CA9FC}.Release|Any CPU.ActiveCfg = Release|Any CPU
		{5778BD0D-685E-4257-BE78-78ABF36CA9FC}.Release|Any CPU.Build.0 = Release|Any CPU
	EndGlobalSection
	GlobalSection(SolutionProperties) = preSolution
		HideSolutionNode = FALSE
	EndGlobalSection
	GlobalSection(ExtensibilityGlobals) = postSolution
		SolutionGuid = {0441FC80-F8C3-467D-8B0A-F80368D9F802}
	EndGlobalSection
EndGlobal
